
Microsoft Visual Studio Solution File, Format Version 12.00
# Visual Studio 15
VisualStudioVersion = 15.0.26124.0
MinimumVisualStudioVersion = 15.0.26124.0
Project("{FAE04EC0-301F-11D3-BF4B-00C04F79EFBC}") = "Send", "Send\Send.csproj", "{768BE1D0-BBAB-4AF1-A8F2-43C9B711B429}"
EndProject
Project("{FAE04EC0-301F-11D3-BF4B-00C04F79EFBC}") = "Receive", "Receive\Receive.csproj", "{9C6B82B3-8E4D-4E7E-B656-59523F097DFE}"
EndProject
Global
	GlobalSection(SolutionConfigurationPlatforms) = preSolution
		Debug|Any CPU = Debug|Any CPU
		Debug|x64 = Debug|x64
		Debug|x86 = Debug|x86
		Release|Any CPU = Release|Any CPU
		Release|x64 = Release|x64
		Release|x86 = Release|x86
	EndGlobalSection
	GlobalSection(SolutionProperties) = preSolution
		HideSolutionNode = FALSE
	EndGlobalSection
	GlobalSection(ProjectConfigurationPlatforms) = postSolution
		{768BE1D0-BBAB-4AF1-A8F2-43C9B711B429}.Debug|Any CPU.ActiveCfg = Debug|Any CPU
		{768BE1D0-BBAB-4AF1-A8F2-43C9B711B429}.Debug|Any CPU.Build.0 = Debug|Any CPU
		{768BE1D0-BBAB-4AF1-A8F2-43C9B711B429}.Debug|x64.ActiveCfg = Debug|Any CPU
		{768BE1D0-BBAB-4AF1-A8F2-43C9B711B429}.Debug|x64.Build.0 = Debug|Any CPU
		{768BE1D0-BBAB-4AF1-A8F2-43C9B711B429}.Debug|x86.ActiveCfg = Debug|Any CPU
		{768BE1D0-BBAB-4AF1-A8F2-43C9B711B429}.Debug|x86.Build.0 = Debug|Any CPU
		{768BE1D0-BBAB-4AF1-A8F2-43C9B711B429}.Release|Any CPU.ActiveCfg = Release|Any CPU
		{768BE1D0-BBAB-4AF1-A8F2-43C9B711B429}.Release|Any CPU.Build.0 = Release|Any CPU
		{768BE1D0-BBAB-4AF1-A8F2-43C9B711B429}.Release|x64.ActiveCfg = Release|Any CPU
		{768BE1D0-BBAB-4AF1-A8F2-43C9B711B429}.Release|x64.Build.0 = Release|Any CPU
		{768BE1D0-BBAB-4AF1-A8F2-43C9B711B429}.Release|x86.ActiveCfg = Release|Any CPU
		{768BE1D0-BBAB-4AF1-A8F2-43C9B711B429}.Release|x86.Build.0 = Release|Any CPU
		{9C6B82B3-8E4D-4E7E-B656-59523F097DFE}.Debug|Any CPU.ActiveCfg = Debug|Any CPU
		{9C6B82B3-8E4D-4E7E-B656-59523F097DFE}.Debug|Any CPU.Build.0 = Debug|Any CPU
		{9C6B82B3-8E4D-4E7E-B656-59523F097DFE}.Debug|x64.ActiveCfg = Debug|Any CPU
		{9C6B82B3-8E4D-4E7E-B656-59523F097DFE}.Debug|x64.Build.0 = Debug|Any CPU
		{9C6B82B3-8E4D-4E7E-B656-59523F097DFE}.Debug|x86.ActiveCfg = Debug|Any CPU
		{9C6B82B3-8E4D-4E7E-B656-59523F097DFE}.Debug|x86.Build.0 = Debug|Any CPU
		{9C6B82B3-8E4D-4E7E-B656-59523F097DFE}.Release|Any CPU.ActiveCfg = Release|Any CPU
		{9C6B82B3-8E4D-4E7E-B656-59523F097DFE}.Release|Any CPU.Build.0 = Release|Any CPU
		{9C6B82B3-8E4D-4E7E-B656-59523F097DFE}.Release|x64.ActiveCfg = Release|Any CPU
		{9C6B82B3-8E4D-4E7E-B656-59523F097DFE}.Release|x64.Build.0 = Release|Any CPU
		{9C6B82B3-8E4D-4E7E-B656-59523F097DFE}.Release|x86.ActiveCfg = Release|Any CPU
		{9C6B82B3-8E4D-4E7E-B656-59523F097DFE}.Release|x86.Build.0 = Release|Any CPU
	EndGlobalSection
EndGlobal
